{
  "direct: rubocop-ruby1_9.gemspec\nmodular: gemfiles/modular/documentation.gemfile": [
    {
      "file": ".structuredmerge/kettle-jem.yml",
      "lines": [
        112,
        132
      ]
    }
  ],
  "direct: rubocop-ruby1_9.gemspec\nmodular: gemfiles/modular/style.gemfile": [
    {
      "file": ".structuredmerge/kettle-jem.yml",
      "lines": [
        122,
        127
      ]
    }
  ],
  "exec_cmd: \"kettle-test\"\nrubygems: latest": [
    {
      "file": ".github/workflows/current.yml",
      "lines": [
        43,
        49
      ]
    }
  ]
}
